Microsoft Visual Studio Solution File, Format Version 11.00
# Visual Studio 2008

Project("{8220D8DB-C15F-FC38-13AE-CB7C2A2664DE}") = "LabyrinthDemo", "Assembly-CSharp.csproj", "{F5FDB957-AADB-D6C8-3939-0A3493A22E41}"
EndProject
Global
	GlobalSection(SolutionConfigurationPlatforms) = preSolution
		Debug|Any CPU = Debug|Any CPU
		Release|Any CPU = Release|Any CPU
	EndGlobalSection
	GlobalSection(ProjectConfigurationPlatforms) = postSolution
		{F5FDB957-AADB-D6C8-3939-0A3493A22E41}.Debug|Any CPU.ActiveCfg = Debug|Any CPU
		{F5FDB957-AADB-D6C8-3939-0A3493A22E41}.Debug|Any CPU.Build.0 = Debug|Any CPU
		{F5FDB957-AADB-D6C8-3939-0A3493A22E41}.Release|Any CPU.ActiveCfg = Release|Any CPU
		{F5FDB957-AADB-D6C8-3939-0A3493A22E41}.Release|Any CPU.Build.0 = Release|Any CPU
	EndGlobalSection
	GlobalSection(SolutionProperties) = preSolution
		HideSolutionNode = FALSE
	EndGlobalSection
	GlobalSection(MonoDevelopProperties) = preSolution
		StartupItem = Assembly-CSharp.csproj
	EndGlobalSection
EndGlobal
